
Microsoft Visual Studio Solution File, Format Version 12.00
# Visual Studio Version 17
VisualStudioVersion = 17.3.32929.385
MinimumVisualStudioVersion = 10.0.40219.1
Project("{FAE04EC0-301F-11D3-BF4B-00C04F79EFBC}") = "Class", "Class.csproj", "{C6D547DF-9AEC-46DD-AEE6-30BD8C1BC4C0}"
EndProject
Global
	GlobalSection(SolutionConfigurationPlatforms) = preSolution
		Debug|Any CPU = Debug|Any CPU
		Release|Any CPU = Release|Any CPU
	EndGlobalSection
	GlobalSection(ProjectConfigurationPlatforms) = postSolution
		{C6D547DF-9AEC-46DD-AEE6-30BD8C1BC4C0}.Debug|Any CPU.ActiveCfg = Debug|Any CPU
		{C6D547DF-9AEC-46DD-AEE6-30BD8C1BC4C0}.Debug|Any CPU.Build.0 = Debug|Any CPU
		{C6D547DF-9AEC-46DD-AEE6-30BD8C1BC4C0}.Release|Any CPU.ActiveCfg = Release|Any CPU
		{C6D547DF-9AEC-46DD-AEE6-30BD8C1BC4C0}.Release|Any CPU.Build.0 = Release|Any CPU
	EndGlobalSection
	GlobalSection(SolutionProperties) = preSolution
		HideSolutionNode = FALSE
	EndGlobalSection
	GlobalSection(ExtensibilityGlobals) = postSolution
		SolutionGuid = {F87834C5-AC39-448B-8F9D-9ADCD4679D31}
	EndGlobalSection
EndGlobal
